{
    "_meta": {
        "hash": {
            "sha256": "9dcc75b5ad3d57ef06c9be0e4da4a934bd52aec0e3cc37473f1ea563a9725ca1"
        },
        "pipfile-spec": 6,
        "requires": {
            "python_version": "3.7"
        },
        "sources": [
            {
                "name": "pypi",
                "url": "https://pypi.org/simple",
                "verify_ssl": true
            }
        ]
    },
    "default": {
        "blinker": {
            "hashes": [
                "sha256:471aee25f3992bd325afa3772f1063dbdbbca947a041b8b89466dc00d606f8b6"
            ],
            "version": "==1.4"
        },
        "cov-core": {
            "hashes": [
                "sha256:4a14c67d520fda9d42b0da6134638578caae1d374b9bb462d8de00587dba764c"
            ],
            "version": "==1.15.0"
        },
        "coverage": {
            "hashes": [
                "sha256:2b9fe71a6bd410940cedb6212cecdf21280d4b3471c3a188f9c5263cfe6fb67b",
                "sha256:3b50e09002e420eddee1816017c44d0cb08483e3e14d919641b377a7ec83f030",
                "sha256:3e7c8dd920c0dea0b918e3737df8a76c3f604577afc29fea376803f165d99082",
                "sha256:5164423881464f02904e9254d82631cf39fedc714aab09b6e38dd0e66ce24dc0",
                "sha256:58aa6d06ec7f784c09c09936d3aac2a9835f3b39fc72b0115753e60b8fee5892",
                "sha256:778cf461acb1edd251877b21043d3e8089f1de8bee757103cd1124497aa2c4d2",
                "sha256:985d645e630eefa33c20de1395f649e232eacddfe48d9a124c2e221bbaef6d78",
                "sha256:a4df4c28207e6a2746b82f8edbf3af03794c31423bcba43f20cd086c06c0ffa9",
                "sha256:b4fc3047692cc6c47ba9cbf3ae6c1c42fbaef9ab86a62f78bf260eb993afa068",
                "sha256:d1aea1c4aa61b8366d6a42dd3650622fbf9c634ed24eaf7f379c8b970e5ed44e",
                "sha256:f88c9ddca928afce3500c5c286c5962ac2f9cda9314af5a6ec284cd67d13a8dd"
            ],
            "version": "==3.7.1"
        },
        "cssmin": {
            "hashes": [
                "sha256:e012f0cc8401efcf2620332339011564738ae32be8c84b2e43ce8beaec1067b6"
            ],
            "index": "pypi",
            "version": "==0.2.0"
        },
        "flake8": {
            "hashes": [
                "sha256:c042537b05502f0ee440d950d5f38d5a3c113b03cca473c39ea90001bd9ac857",
                "sha256:d26a9d0252da9f831b8277b824961bb10b1f9d79f4752d32e4814b7bcd1e089b"
            ],
            "index": "pypi",
            "version": "==2.4.0"
        },
        "flask": {
            "hashes": [
                "sha256:4c83829ff83d408b5e1d4995472265411d2c414112298f2eb4b359d9e4563373"
            ],
            "index": "pypi",
            "version": "==0.10.1"
        },
        "flask-assets": {
            "hashes": [
                "sha256:d44fbef89d9d2fdc66e216b63c460cdd719b529cf4cdf3e0ef416815879ad1ec"
            ],
            "index": "pypi",
            "version": "==0.10"
        },
        "flask-cache": {
            "hashes": [
                "sha256:90126ca9bc063854ef8ee276e95d38b2b4ec8e45fd77d5751d37971ee27c7ef4"
            ],
            "index": "pypi",
            "version": "==0.13.1"
        },
        "flask-debugtoolbar": {
            "hashes": [
                "sha256:d10cb2f58c9cc40e8bb8eb7e086cf3a5c18a7d00dab4a1561fe91e3cea92faf3"
            ],
            "index": "pypi",
            "version": "==0.10.0"
        },
        "flask-login": {
            "hashes": [
                "sha256:83d5f10e5c4f214feed6cc41c212db63a58a15ac32e56df81591bfa0a5cee3e5"
            ],
            "index": "pypi",
            "version": "==0.2.11"
        },
        "flask-script": {
            "hashes": [
                "sha256:cef76eac751396355429a14c38967bb14d4973c53e07dec94af5cc8fb017107f"
            ],
            "index": "pypi",
            "version": "==2.0.5"
        },
        "flask-sqlalchemy": {
            "hashes": [
                "sha256:990387d2cff83df7feb40e9d6b286f2679144258480249cbd47b88dc0939e886"
            ],
            "index": "pypi",
            "version": "==2.0"
        },
        "flask-wtf": {
            "hashes": [
                "sha256:2f53a4b314ec26824d0b70f0766b7dd74c6df77bcf8b64de88e1354bc900874b",
                "sha256:c1de81c9c2b6d1ceb3342850b7113ed7c04bab78b3c3ee0fb144d5de5fbc5a61"
            ],
            "index": "pypi",
            "version": "==0.11"
        },
        "itsdangerous": {
            "hashes": [
                "sha256:cbb3fcf8d3e33df861709ecaf89d9e6629cff0a217bc2848f1b41cd30d360519"
            ],
            "index": "pypi",
            "version": "==0.24"
        },
        "jinja2": {
            "hashes": [
                "sha256:065c4f02ebe7f7cf559e49ee5a95fb800a9e4528727aec6f24402a5374c65013",
                "sha256:14dd6caf1527abb21f08f86c784eac40853ba93edb79552aa1e4b8aef1b61c7b"
            ],
            "version": "==2.10.1"
        },
        "jsmin": {
            "hashes": [
                "sha256:582f70f5fef561c8d561271206f45258d0c420eec31a8628914e87c73a2192e1"
            ],
            "index": "pypi",
            "version": "==2.1.1"
        },
        "markupsafe": {
            "hashes": [
                "sha256:00bc623926325b26bb9605ae9eae8a215691f33cae5df11ca5424f06f2d1f473",
                "sha256:09027a7803a62ca78792ad89403b1b7a73a01c8cb65909cd876f7fcebd79b161",
                "sha256:09c4b7f37d6c648cb13f9230d847adf22f8171b1ccc4d5682398e77f40309235",
                "sha256:1027c282dad077d0bae18be6794e6b6b8c91d58ed8a8d89a89d59693b9131db5",
                "sha256:24982cc2533820871eba85ba648cd53d8623687ff11cbb805be4ff7b4c971aff",
                "sha256:29872e92839765e546828bb7754a68c418d927cd064fd4708fab9fe9c8bb116b",
                "sha256:43a55c2930bbc139570ac2452adf3d70cdbb3cfe5912c71cdce1c2c6bbd9c5d1",
                "sha256:46c99d2de99945ec5cb54f23c8cd5689f6d7177305ebff350a58ce5f8de1669e",
                "sha256:500d4957e52ddc3351cabf489e79c91c17f6e0899158447047588650b5e69183",
                "sha256:535f6fc4d397c1563d08b88e485c3496cf5784e927af890fb3c3aac7f933ec66",
                "sha256:62fe6c95e3ec8a7fad637b7f3d372c15ec1caa01ab47926cfdf7a75b40e0eac1",
                "sha256:6dd73240d2af64df90aa7c4e7481e23825ea70af4b4922f8ede5b9e35f78a3b1",
                "sha256:717ba8fe3ae9cc0006d7c451f0bb265ee07739daf76355d06366154ee68d221e",
                "sha256:79855e1c5b8da654cf486b830bd42c06e8780cea587384cf6545b7d9ac013a0b",
                "sha256:7c1699dfe0cf8ff607dbdcc1e9b9af1755371f92a68f706051cc8c37d447c905",
                "sha256:88e5fcfb52ee7b911e8bb6d6aa2fd21fbecc674eadd44118a9cc3863f938e735",
                "sha256:8defac2f2ccd6805ebf65f5eeb132adcf2ab57aa11fdf4c0dd5169a004710e7d",
                "sha256:98c7086708b163d425c67c7a91bad6e466bb99d797aa64f965e9d25c12111a5e",
                "sha256:9add70b36c5666a2ed02b43b335fe19002ee5235efd4b8a89bfcf9005bebac0d",
                "sha256:9bf40443012702a1d2070043cb6291650a0841ece432556f784f004937f0f32c",
                "sha256:ade5e387d2ad0d7ebf59146cc00c8044acbd863725f887353a10df825fc8ae21",
                "sha256:b00c1de48212e4cc9603895652c5c410df699856a2853135b3967591e4beebc2",
                "sha256:b1282f8c00509d99fef04d8ba936b156d419be841854fe901d8ae224c59f0be5",
                "sha256:b2051432115498d3562c084a49bba65d97cf251f5a331c64a12ee7e04dacc51b",
                "sha256:ba59edeaa2fc6114428f1637ffff42da1e311e29382d81b339c1817d37ec93c6",
                "sha256:c8716a48d94b06bb3b2524c2b77e055fb313aeb4ea620c8dd03a105574ba704f",
                "sha256:cd5df75523866410809ca100dc9681e301e3c27567cf498077e8551b6d20e42f",
                "sha256:e249096428b3ae81b08327a63a485ad0878de3fb939049038579ac0ef61e17e7"
            ],
            "version": "==1.1.1"
        },
        "mccabe": {
            "hashes": [
                "sha256:3d8ca9bf65c5014f469180544d1dd5bb5b9df709aad6304f9c2e4370ae0a7b7c",
                "sha256:89cf6bf4ff644ff8b912e2fa7e2abb68d57a8e7e918e393c72840d30d2ebcf0b"
            ],
            "index": "pypi",
            "version": "==0.3"
        },
        "pep8": {
            "hashes": [
                "sha256:15b42131b25f376165d195fe4e17b0a28311182aaf9330d5eb575bbeda5a6989",
                "sha256:62e87fd54535fb932b4a4d94868db523257a1031c8bc6bd358c2015433e646db"
            ],
            "version": "==1.5.7"
        },
        "py": {
            "hashes": [
                "sha256:64f65755aee5b381cea27766a3a147c3f15b9b6b9ac88676de66ba2ae36793fa",
                "sha256:dc639b046a6e2cff5bbe40194ad65936d6ba360b52b3c3fe1d08a82dd50b5e53"
            ],
            "version": "==1.8.0"
        },
        "pyflakes": {
            "hashes": [
                "sha256:3fa80a10b36d51686bf7744f5dc99622cd5c98ce8ed64022e629868aafc17769",
                "sha256:ac4571695c10ce1536bcdba1a294b9f2d3e6cc9d0ea171b67d50a0864ce3e042"
            ],
            "version": "==0.8.1"
        },
        "pytest": {
            "hashes": [
                "sha256:91dc842785417208d57e5e8dc8bb40f57316c45da24a50c53b49cb8d045519d6"
            ],
            "index": "pypi",
            "version": "==2.7.0"
        },
        "pytest-cov": {
            "hashes": [
                "sha256:31e5198c06f290e1e813d30ddd063a0401d9e3a698129ca44267781673a71285"
            ],
            "index": "pypi",
            "version": "==1.8.1"
        },
        "sqlalchemy": {
            "hashes": [
                "sha256:91c54ca8345008fceaec987e10924bf07dcab36c442925357e5a467b36a38319"
            ],
            "version": "==1.3.3"
        },
        "webassets": {
            "hashes": [
                "sha256:e7d9c8887343123fd5b32309b33167428cb1318cdda97ece12d0907fd69d38db"
            ],
            "version": "==0.12.1"
        },
        "werkzeug": {
            "hashes": [
                "sha256:865856ebb55c4dcd0630cdd8f3331a1847a819dda7e8c750d3db6f2aa6c0209c",
                "sha256:a0b915f0815982fb2a09161cb8f31708052d0951c3ba433ccc5e1aa276507ca6"
            ],
            "version": "==0.15.4"
        },
        "wtforms": {
            "hashes": [
                "sha256:0cdbac3e7f6878086c334aa25dc5a33869a3954e9d1e015130d65a69309b3b61",
                "sha256:e3ee092c827582c50877cdbd49e9ce6d2c5c1f6561f849b3b068c1b8029626f1"
            ],
            "version": "==2.2.1"
        }
    },
    "develop": {}
}
